absl-py==2.4.0
appdirs==1.4.4
argcomplete==1.8.1
astunparse==1.6.3
attrs==21.2.0
beniget==0.4.1
black==26.1.0
Brotli==1.0.9
catkin-pkg-modules==1.1.0
certifi==2026.1.4
cffi==2.0.0
charset-normalizer==3.4.4
click==8.3.1
colcon-argcomplete==0.3.3
colcon-bash==0.5.0
colcon-cd==0.2.1
colcon-cmake==0.2.29
colcon-common-extensions==0.3.0
colcon-core==0.20.1
colcon-defaults==0.2.9
colcon-devtools==0.3.0
colcon-library-path==0.2.1
colcon-metadata==0.2.5
colcon-mixin==0.2.3
colcon-notification==0.3.0
colcon-output==0.2.13
colcon-package-information==0.4.0
colcon-package-selection==0.2.10
colcon-parallel-executor==0.3.0
colcon-pkg-config==0.1.0
colcon-powershell==0.4.0
colcon-python-setup-py==0.2.9
colcon-recursive-crawl==0.2.3
colcon-ros==0.5.0
colcon-test-result==0.3.8
colcon-zsh==0.5.0
contourpy==1.3.2
cryptography==46.0.4
cycler==0.11.0
dbus-python==1.2.18
decorator==4.4.2
distlib==0.3.4
distro==1.7.0
docutils==0.17.1
empy==3.3.4
exceptiongroup==1.3.1
flake8==7.3.0
flatbuffers==25.12.19
fonttools==4.29.1
fs==2.4.12
gast==0.7.0
google-auth==2.48.0
google-auth-oauthlib==1.2.4
google-pasta==0.2.0
grpcio==1.76.0
h5py==3.15.1
idna==3.11
importlib-metadata==4.6.4
iniconfig==1.1.1
joblib==1.5.3
keras==2.15.0
kiwisolver==1.3.2
lark==1.1.1
libclang==18.1.1
librt==0.7.8
lxml==4.8.0
lz4==3.1.3+dfsg
Markdown==3.10.1
MarkupSafe==3.0.3
matplotlib==3.10.8
mccabe==0.7.0
ml-dtypes==0.3.2
more-itertools==8.10.0
mpi4py==3.1.3
mpmath==0.0.0
mypy==1.19.1
mypy_extensions==1.1.0
netifaces==0.11.0
notify2==0.3
numpy==1.24.4
nvidia-nccl-cu12==2.29.3
oauthlib==3.3.1
opt_einsum==3.4.0
packaging==26.0
pandas==2.3.3
pathspec==1.0.4
Pillow==9.0.1
platformdirs==4.5.1
plotly==5.24.1
pluggy==1.6.0
ply==3.11
protobuf==4.25.8
psutil==5.9.0
py==1.10.0
pyasn1==0.6.2
pyasn1_modules==0.4.2
pycairo==1.20.1
pycodestyle==2.14.0
pycparser==3.0
pydocstyle==6.1.1
pydot==1.4.2
pyflakes==3.4.0
Pygments==2.11.2
pyparsing==3.3.2
PyQt5==5.15.6
PyQt5-sip==12.9.1
pytest==9.0.2
python-dateutil==2.9.0.post0
pythran==0.10.0
pytokens==0.4.1
pytz==2022.1
PyYAML==6.0.3
requests==2.32.5
requests-oauthlib==2.0.0
roman==3.3
rosdep==0.26.0
rosdep-modules==0.26.0
rosdistro-modules==1.0.1
rospkg-modules==1.6.1
rsa==4.9.1
scikit-learn==1.3.2
scipy==1.11.4
seaborn==0.13.2
semver==2.10.2
six==1.16.0
snowballstemmer==2.2.0
sympy==1.9
tenacity==9.1.3
tensorboard==2.15.2
tensorboard-data-server==0.7.2
tensorflow==2.15.1
tensorflow-estimator==2.15.0
tensorflow-io-gcs-filesystem==0.37.1
termcolor==3.3.0
threadpoolctl==3.6.0
toml==0.10.2
tomli==2.4.0
tqdm==4.67.3
typing_extensions==4.15.0
tzdata==2025.3
ufoLib2==0.13.1
unicodedata2==14.0.0
urllib3==2.6.3
vcstool==0.3.0
Werkzeug==3.1.5
wrapt==1.14.2
xgboost==3.1.3
zipp==1.0.0
